gh.tarampamp.am/colors v1.2.1 h1:lo3W5GtdxxHEySTp7UUpwkCFZL8bzKlQSb9vTKSMYQE=
gh.tarampamp.am/colors v1.2.1/go.mod h1:R48DlOHA+Y4MOAmQqvLPPcWBcZbEnCn26IXqdTDhgO8=
golang.org/x/sys v0.18.0 h1:DBdB3niSjOA/O0blCZBqDefyWNYveAYMNF1Wum0DYQ4=
golang.org/x/sys v0.18.0/go.mod h1:/VUhepiaJMQUp4+oa/7Zr1D23ma6VTLIYjOOTFZPUcA=
