gh.tarampamp.am/colors v1.2.0 h1:Wr4JHAiqzxGcBol7X5JrWmecvwimclkTj2JGSRmyDo0=
gh.tarampamp.am/colors v1.2.0/go.mod h1:53aW8mO3LisokvNuDJqriyOLSOs36Rwa0TQGX+BVLNo=
golang.org/x/sys v0.18.0 h1:DBdB3niSjOA/O0blCZBqDefyWNYveAYMNF1Wum0DYQ4=
golang.org/x/sys v0.18.0/go.mod h1:/VUhepiaJMQUp4+oa/7Zr1D23ma6VTLIYjOOTFZPUcA=
